
Microsoft Visual Studio Solution File, Format Version 12.00
# Visual Studio Version 17
Project("{8BC9CEB8-8B4A-11D0-8D11-00A0C91BC942}") = "ALL_BUILD", "ALL_BUILD.vcxproj", "{E55B8447-4951-34D8-8DFA-88EC48FDB155}"
	ProjectSection(ProjectDependencies) = postProject
		{DD5DE077-295A-304C-8312-517A8543C30E} = {DD5DE077-295A-304C-8312-517A8543C30E}
		{DA73E0F4-EB50-3558-8C59-4C3C5117A48E} = {DA73E0F4-EB50-3558-8C59-4C3C5117A48E}
		{E68EC001-CFFF-39F8-93DB-AF74A91A691D} = {E68EC001-CFFF-39F8-93DB-AF74A91A691D}
		{0443E492-5969-35C5-A61F-EA97DB06F9F8} = {0443E492-5969-35C5-A61F-EA97DB06F9F8}
		{D4D3F61C-BF1A-3EC2-8629-887BB9E92BA2} = {D4D3F61C-BF1A-3EC2-8629-887BB9E92BA2}
		{05B164B5-1516-38FA-9B79-0E31B21BD6E4} = {05B164B5-1516-38FA-9B79-0E31B21BD6E4}
		{5E22D157-1385-3504-BD90-D14B7FE13B07} = {5E22D157-1385-3504-BD90-D14B7FE13B07}
	EndProjectSection
EndProject
Project("{8BC9CEB8-8B4A-11D0-8D11-00A0C91BC942}") = "ZERO_CHECK", "ZERO_CHECK.vcxproj", "{DD5DE077-295A-304C-8312-517A8543C30E}"
	ProjectSection(ProjectDependencies) = postProject
	EndProjectSection
EndProject
Project("{8BC9CEB8-8B4A-11D0-8D11-00A0C91BC942}") = "cpp_backend", "cpp_backend.vcxproj", "{DA73E0F4-EB50-3558-8C59-4C3C5117A48E}"
	ProjectSection(ProjectDependencies) = postProject
		{DD5DE077-295A-304C-8312-517A8543C30E} = {DD5DE077-295A-304C-8312-517A8543C30E}
	EndProjectSection
EndProject
Project("{8BC9CEB8-8B4A-11D0-8D11-00A0C91BC942}") = "test_avl_tree", "test_avl_tree.vcxproj", "{E68EC001-CFFF-39F8-93DB-AF74A91A691D}"
	ProjectSection(ProjectDependencies) = postProject
		{DD5DE077-295A-304C-8312-517A8543C30E} = {DD5DE077-295A-304C-8312-517A8543C30E}
		{5E22D157-1385-3504-BD90-D14B7FE13B07} = {5E22D157-1385-3504-BD90-D14B7FE13B07}
	EndProjectSection
EndProject
Project("{8BC9CEB8-8B4A-11D0-8D11-00A0C91BC942}") = "test_graph", "test_graph.vcxproj", "{0443E492-5969-35C5-A61F-EA97DB06F9F8}"
	ProjectSection(ProjectDependencies) = postProject
		{DD5DE077-295A-304C-8312-517A8543C30E} = {DD5DE077-295A-304C-8312-517A8543C30E}
		{5E22D157-1385-3504-BD90-D14B7FE13B07} = {5E22D157-1385-3504-BD90-D14B7FE13B07}
	EndProjectSection
EndProject
Project("{8BC9CEB8-8B4A-11D0-8D11-00A0C91BC942}") = "test_hashmaps_and_binary_search", "test_hashmaps_and_binary_search.vcxproj", "{D4D3F61C-BF1A-3EC2-8629-887BB9E92BA2}"
	ProjectSection(ProjectDependencies) = postProject
		{DD5DE077-295A-304C-8312-517A8543C30E} = {DD5DE077-295A-304C-8312-517A8543C30E}
		{5E22D157-1385-3504-BD90-D14B7FE13B07} = {5E22D157-1385-3504-BD90-D14B7FE13B07}
	EndProjectSection
EndProject
Project("{8BC9CEB8-8B4A-11D0-8D11-00A0C91BC942}") = "test_priority_queue", "test_priority_queue.vcxproj", "{05B164B5-1516-38FA-9B79-0E31B21BD6E4}"
	ProjectSection(ProjectDependencies) = postProject
		{DD5DE077-295A-304C-8312-517A8543C30E} = {DD5DE077-295A-304C-8312-517A8543C30E}
		{5E22D157-1385-3504-BD90-D14B7FE13B07} = {5E22D157-1385-3504-BD90-D14B7FE13B07}
	EndProjectSection
EndProject
Project("{8BC9CEB8-8B4A-11D0-8D11-00A0C91BC942}") = "ticket_booking", "ticket_booking.vcxproj", "{5E22D157-1385-3504-BD90-D14B7FE13B07}"
	ProjectSection(ProjectDependencies) = postProject
		{DD5DE077-295A-304C-8312-517A8543C30E} = {DD5DE077-295A-304C-8312-517A8543C30E}
	EndProjectSection
EndProject
Global
	GlobalSection(SolutionConfigurationPlatforms) = preSolution
		Debug|x64 = Debug|x64
		Release|x64 = Release|x64
		MinSizeRel|x64 = MinSizeRel|x64
		RelWithDebInfo|x64 = RelWithDebInfo|x64
	EndGlobalSection
	GlobalSection(ProjectConfigurationPlatforms) = postSolution
		{E55B8447-4951-34D8-8DFA-88EC48FDB155}.Debug|x64.ActiveCfg = Debug|x64
		{E55B8447-4951-34D8-8DFA-88EC48FDB155}.Release|x64.ActiveCfg = Release|x64
		{E55B8447-4951-34D8-8DFA-88EC48FDB155}.MinSizeRel|x64.ActiveCfg = MinSizeRel|x64
		{E55B8447-4951-34D8-8DFA-88EC48FDB155}.RelWithDebInfo|x64.ActiveCfg = RelWithDebInfo|x64
		{DD5DE077-295A-304C-8312-517A8543C30E}.Debug|x64.ActiveCfg = Debug|x64
		{DD5DE077-295A-304C-8312-517A8543C30E}.Debug|x64.Build.0 = Debug|x64
		{DD5DE077-295A-304C-8312-517A8543C30E}.Release|x64.ActiveCfg = Release|x64
		{DD5DE077-295A-304C-8312-517A8543C30E}.Release|x64.Build.0 = Release|x64
		{DD5DE077-295A-304C-8312-517A8543C30E}.MinSizeRel|x64.ActiveCfg = MinSizeRel|x64
		{DD5DE077-295A-304C-8312-517A8543C30E}.MinSizeRel|x64.Build.0 = MinSizeRel|x64
		{DD5DE077-295A-304C-8312-517A8543C30E}.RelWithDebInfo|x64.ActiveCfg = RelWithDebInfo|x64
		{DD5DE077-295A-304C-8312-517A8543C30E}.RelWithDebInfo|x64.Build.0 = RelWithDebInfo|x64
		{DA73E0F4-EB50-3558-8C59-4C3C5117A48E}.Debug|x64.ActiveCfg = Debug|x64
		{DA73E0F4-EB50-3558-8C59-4C3C5117A48E}.Debug|x64.Build.0 = Debug|x64
		{DA73E0F4-EB50-3558-8C59-4C3C5117A48E}.Release|x64.ActiveCfg = Release|x64
		{DA73E0F4-EB50-3558-8C59-4C3C5117A48E}.Release|x64.Build.0 = Release|x64
		{DA73E0F4-EB50-3558-8C59-4C3C5117A48E}.MinSizeRel|x64.ActiveCfg = MinSizeRel|x64
		{DA73E0F4-EB50-3558-8C59-4C3C5117A48E}.MinSizeRel|x64.Build.0 = MinSizeRel|x64
		{DA73E0F4-EB50-3558-8C59-4C3C5117A48E}.RelWithDebInfo|x64.ActiveCfg = RelWithDebInfo|x64
		{DA73E0F4-EB50-3558-8C59-4C3C5117A48E}.RelWithDebInfo|x64.Build.0 = RelWithDebInfo|x64
		{E68EC001-CFFF-39F8-93DB-AF74A91A691D}.Debug|x64.ActiveCfg = Debug|x64
		{E68EC001-CFFF-39F8-93DB-AF74A91A691D}.Debug|x64.Build.0 = Debug|x64
		{E68EC001-CFFF-39F8-93DB-AF74A91A691D}.Release|x64.ActiveCfg = Release|x64
		{E68EC001-CFFF-39F8-93DB-AF74A91A691D}.Release|x64.Build.0 = Release|x64
		{E68EC001-CFFF-39F8-93DB-AF74A91A691D}.MinSizeRel|x64.ActiveCfg = MinSizeRel|x64
		{E68EC001-CFFF-39F8-93DB-AF74A91A691D}.MinSizeRel|x64.Build.0 = MinSizeRel|x64
		{E68EC001-CFFF-39F8-93DB-AF74A91A691D}.RelWithDebInfo|x64.ActiveCfg = RelWithDebInfo|x64
		{E68EC001-CFFF-39F8-93DB-AF74A91A691D}.RelWithDebInfo|x64.Build.0 = RelWithDebInfo|x64
		{0443E492-5969-35C5-A61F-EA97DB06F9F8}.Debug|x64.ActiveCfg = Debug|x64
		{0443E492-5969-35C5-A61F-EA97DB06F9F8}.Debug|x64.Build.0 = Debug|x64
		{0443E492-5969-35C5-A61F-EA97DB06F9F8}.Release|x64.ActiveCfg = Release|x64
		{0443E492-5969-35C5-A61F-EA97DB06F9F8}.Release|x64.Build.0 = Release|x64
		{0443E492-5969-35C5-A61F-EA97DB06F9F8}.MinSizeRel|x64.ActiveCfg = MinSizeRel|x64
		{0443E492-5969-35C5-A61F-EA97DB06F9F8}.MinSizeRel|x64.Build.0 = MinSizeRel|x64
		{0443E492-5969-35C5-A61F-EA97DB06F9F8}.RelWithDebInfo|x64.ActiveCfg = RelWithDebInfo|x64
		{0443E492-5969-35C5-A61F-EA97DB06F9F8}.RelWithDebInfo|x64.Build.0 = RelWithDebInfo|x64
		{D4D3F61C-BF1A-3EC2-8629-887BB9E92BA2}.Debug|x64.ActiveCfg = Debug|x64
		{D4D3F61C-BF1A-3EC2-8629-887BB9E92BA2}.Debug|x64.Build.0 = Debug|x64
		{D4D3F61C-BF1A-3EC2-8629-887BB9E92BA2}.Release|x64.ActiveCfg = Release|x64
		{D4D3F61C-BF1A-3EC2-8629-887BB9E92BA2}.Release|x64.Build.0 = Release|x64
		{D4D3F61C-BF1A-3EC2-8629-887BB9E92BA2}.MinSizeRel|x64.ActiveCfg = MinSizeRel|x64
		{D4D3F61C-BF1A-3EC2-8629-887BB9E92BA2}.MinSizeRel|x64.Build.0 = MinSizeRel|x64
		{D4D3F61C-BF1A-3EC2-8629-887BB9E92BA2}.RelWithDebInfo|x64.ActiveCfg = RelWithDebInfo|x64
		{D4D3F61C-BF1A-3EC2-8629-887BB9E92BA2}.RelWithDebInfo|x64.Build.0 = RelWithDebInfo|x64
		{05B164B5-1516-38FA-9B79-0E31B21BD6E4}.Debug|x64.ActiveCfg = Debug|x64
		{05B164B5-1516-38FA-9B79-0E31B21BD6E4}.Debug|x64.Build.0 = Debug|x64
		{05B164B5-1516-38FA-9B79-0E31B21BD6E4}.Release|x64.ActiveCfg = Release|x64
		{05B164B5-1516-38FA-9B79-0E31B21BD6E4}.Release|x64.Build.0 = Release|x64
		{05B164B5-1516-38FA-9B79-0E31B21BD6E4}.MinSizeRel|x64.ActiveCfg = MinSizeRel|x64
		{05B164B5-1516-38FA-9B79-0E31B21BD6E4}.MinSizeRel|x64.Build.0 = MinSizeRel|x64
		{05B164B5-1516-38FA-9B79-0E31B21BD6E4}.RelWithDebInfo|x64.ActiveCfg = RelWithDebInfo|x64
		{05B164B5-1516-38FA-9B79-0E31B21BD6E4}.RelWithDebInfo|x64.Build.0 = RelWithDebInfo|x64
		{5E22D157-1385-3504-BD90-D14B7FE13B07}.Debug|x64.ActiveCfg = Debug|x64
		{5E22D157-1385-3504-BD90-D14B7FE13B07}.Debug|x64.Build.0 = Debug|x64
		{5E22D157-1385-3504-BD90-D14B7FE13B07}.Release|x64.ActiveCfg = Release|x64
		{5E22D157-1385-3504-BD90-D14B7FE13B07}.Release|x64.Build.0 = Release|x64
		{5E22D157-1385-3504-BD90-D14B7FE13B07}.MinSizeRel|x64.ActiveCfg = MinSizeRel|x64
		{5E22D157-1385-3504-BD90-D14B7FE13B07}.MinSizeRel|x64.Build.0 = MinSizeRel|x64
		{5E22D157-1385-3504-BD90-D14B7FE13B07}.RelWithDebInfo|x64.ActiveCfg = RelWithDebInfo|x64
		{5E22D157-1385-3504-BD90-D14B7FE13B07}.RelWithDebInfo|x64.Build.0 = RelWithDebInfo|x64
	EndGlobalSection
	GlobalSection(ExtensibilityGlobals) = postSolution
		SolutionGuid = {5320AE59-9BD4-387F-B6C1-51544F2E1304}
	EndGlobalSection
	GlobalSection(ExtensibilityAddIns) = postSolution
	EndGlobalSection
EndGlobal
